
Microsoft Visual Studio Solution File, Format Version 12.00
# Visual Studio 15
VisualStudioVersion = 15.0.28010.2048
MinimumVisualStudioVersion = 10.0.40219.1
Project("{FAE04EC0-301F-11D3-BF4B-00C04F79EFBC}") = "Networking", "Networking.csproj", "{02DBA298-7203-4494-B1F9-2E5A338D24BF}"
EndProject
Global
	GlobalSection(SolutionConfigurationPlatforms) = preSolution
		Debug|Any CPU = Debug|Any CPU
		Release|Any CPU = Release|Any CPU
	EndGlobalSection
	GlobalSection(ProjectConfigurationPlatforms) = postSolution
		{02DBA298-7203-4494-B1F9-2E5A338D24BF}.Debug|Any CPU.ActiveCfg = Debug|Any CPU
		{02DBA298-7203-4494-B1F9-2E5A338D24BF}.Debug|Any CPU.Build.0 = Debug|Any CPU
		{02DBA298-7203-4494-B1F9-2E5A338D24BF}.Release|Any CPU.ActiveCfg = Release|Any CPU
		{02DBA298-7203-4494-B1F9-2E5A338D24BF}.Release|Any CPU.Build.0 = Release|Any CPU
	EndGlobalSection
	GlobalSection(SolutionProperties) = preSolution
		HideSolutionNode = FALSE
	EndGlobalSection
	GlobalSection(ExtensibilityGlobals) = postSolution
		SolutionGuid = {45AC4F94-721B-48A7-AF8E-ECC8C6EF4834}
	EndGlobalSection
EndGlobal
