
Microsoft Visual Studio Solution File, Format Version 12.00
# Visual Studio 15
VisualStudioVersion = 15.0.28010.2048
MinimumVisualStudioVersion = 10.0.40219.1
Project("{FAE04EC0-301F-11D3-BF4B-00C04F79EFBC}") = "Chapter8", "Chapter8\Chapter8.csproj", "{8568C09E-6F3F-4525-A291-0ED9602253C6}"
EndProject
Global
	GlobalSection(SolutionConfigurationPlatforms) = preSolution
		Debug|Any CPU = Debug|Any CPU
		Release|Any CPU = Release|Any CPU
	EndGlobalSection
	GlobalSection(ProjectConfigurationPlatforms) = postSolution
		{8568C09E-6F3F-4525-A291-0ED9602253C6}.Debug|Any CPU.ActiveCfg = Debug|Any CPU
		{8568C09E-6F3F-4525-A291-0ED9602253C6}.Debug|Any CPU.Build.0 = Debug|Any CPU
		{8568C09E-6F3F-4525-A291-0ED9602253C6}.Release|Any CPU.ActiveCfg = Release|Any CPU
		{8568C09E-6F3F-4525-A291-0ED9602253C6}.Release|Any CPU.Build.0 = Release|Any CPU
	EndGlobalSection
	GlobalSection(SolutionProperties) = preSolution
		HideSolutionNode = FALSE
	EndGlobalSection
	GlobalSection(ExtensibilityGlobals) = postSolution
		SolutionGuid = {2A959CEB-5F7E-4371-A8B4-970BA7E98D67}
	EndGlobalSection
EndGlobal
