
Microsoft Visual Studio Solution File, Format Version 12.00
# Visual Studio 15
VisualStudioVersion = 15.0.28010.2048
MinimumVisualStudioVersion = 10.0.40219.1
Project("{FAE04EC0-301F-11D3-BF4B-00C04F79EFBC}") = "Week10Networking", "Week10Networking\Week10Networking.csproj", "{7C400297-8270-433F-ADB7-F3D26DCADC18}"
EndProject
Global
	GlobalSection(SolutionConfigurationPlatforms) = preSolution
		Debug|Any CPU = Debug|Any CPU
		Release|Any CPU = Release|Any CPU
	EndGlobalSection
	GlobalSection(ProjectConfigurationPlatforms) = postSolution
		{7C400297-8270-433F-ADB7-F3D26DCADC18}.Debug|Any CPU.ActiveCfg = Debug|Any CPU
		{7C400297-8270-433F-ADB7-F3D26DCADC18}.Debug|Any CPU.Build.0 = Debug|Any CPU
		{7C400297-8270-433F-ADB7-F3D26DCADC18}.Release|Any CPU.ActiveCfg = Release|Any CPU
		{7C400297-8270-433F-ADB7-F3D26DCADC18}.Release|Any CPU.Build.0 = Release|Any CPU
	EndGlobalSection
	GlobalSection(SolutionProperties) = preSolution
		HideSolutionNode = FALSE
	EndGlobalSection
	GlobalSection(ExtensibilityGlobals) = postSolution
		SolutionGuid = {45E3C976-17ED-4AD9-9C77-4AFBE1D3EE37}
	EndGlobalSection
EndGlobal
